
Microsoft Visual Studio Solution File, Format Version 12.00
# Visual Studio Version 17
VisualStudioVersion = 17.8.34525.116
MinimumVisualStudioVersion = 10.0.40219.1
Project("{FAE04EC0-301F-11D3-BF4B-00C04F79EFBC}") = "ImagiArtDomain", "ImagiArtDomain\ImagiArtDomain.csproj", "{8C112D7C-CB2B-4C68-9BAF-F0E0EAD33E4C}"
EndProject
Project("{FAE04EC0-301F-11D3-BF4B-00C04F79EFBC}") = "ImagiArtInfrastructure", "ImagiArtInfrastructure\ImagiArtInfrastructure.csproj", "{1E417386-B10A-43A0-B7BC-9F4DC72CC253}"
EndProject
Global
	GlobalSection(SolutionConfigurationPlatforms) = preSolution
		Debug|Any CPU = Debug|Any CPU
		Release|Any CPU = Release|Any CPU
	EndGlobalSection
	GlobalSection(ProjectConfigurationPlatforms) = postSolution
		{8C112D7C-CB2B-4C68-9BAF-F0E0EAD33E4C}.Debug|Any CPU.ActiveCfg = Debug|Any CPU
		{8C112D7C-CB2B-4C68-9BAF-F0E0EAD33E4C}.Debug|Any CPU.Build.0 = Debug|Any CPU
		{8C112D7C-CB2B-4C68-9BAF-F0E0EAD33E4C}.Release|Any CPU.ActiveCfg = Release|Any CPU
		{8C112D7C-CB2B-4C68-9BAF-F0E0EAD33E4C}.Release|Any CPU.Build.0 = Release|Any CPU
		{1E417386-B10A-43A0-B7BC-9F4DC72CC253}.Debug|Any CPU.ActiveCfg = Debug|Any CPU
		{1E417386-B10A-43A0-B7BC-9F4DC72CC253}.Debug|Any CPU.Build.0 = Debug|Any CPU
		{1E417386-B10A-43A0-B7BC-9F4DC72CC253}.Release|Any CPU.ActiveCfg = Release|Any CPU
		{1E417386-B10A-43A0-B7BC-9F4DC72CC253}.Release|Any CPU.Build.0 = Release|Any CPU
	EndGlobalSection
	GlobalSection(SolutionProperties) = preSolution
		HideSolutionNode = FALSE
	EndGlobalSection
	GlobalSection(ExtensibilityGlobals) = postSolution
		SolutionGuid = {1E893AE4-FE2B-4FBE-B928-76AD5F0914E1}
	EndGlobalSection
EndGlobal
